
Microsoft Visual Studio Solution File, Format Version 12.00
# Visual Studio Version 17
VisualStudioVersion = 17.12.35514.174
MinimumVisualStudioVersion = 10.0.40219.1
Project("{FAE04EC0-301F-11D3-BF4B-00C04F79EFBC}") = "Bai01", "Bai01\Bai01.csproj", "{01BE7800-EF9E-42CA-9B00-A62DFDE5645A}"
EndProject
Project("{FAE04EC0-301F-11D3-BF4B-00C04F79EFBC}") = "Bai3_LTWeb", "Bai3_LTWeb\Bai3_LTWeb.csproj", "{1AA35F84-955F-449C-BD7A-96CEC8F9AFC5}"
EndProject
Project("{FAE04EC0-301F-11D3-BF4B-00C04F79EFBC}") = "Bai2_LTWeb", "Bai2_LTWeb\Bai2_LTWeb.csproj", "{2A49B445-B4B2-4F11-B8EE-B5C2176B8E6C}"
EndProject
Global
	GlobalSection(SolutionConfigurationPlatforms) = preSolution
		Debug|Any CPU = Debug|Any CPU
		Release|Any CPU = Release|Any CPU
	EndGlobalSection
	GlobalSection(ProjectConfigurationPlatforms) = postSolution
		{01BE7800-EF9E-42CA-9B00-A62DFDE5645A}.Debug|Any CPU.ActiveCfg = Debug|Any CPU
		{01BE7800-EF9E-42CA-9B00-A62DFDE5645A}.Debug|Any CPU.Build.0 = Debug|Any CPU
		{01BE7800-EF9E-42CA-9B00-A62DFDE5645A}.Release|Any CPU.ActiveCfg = Release|Any CPU
		{01BE7800-EF9E-42CA-9B00-A62DFDE5645A}.Release|Any CPU.Build.0 = Release|Any CPU
		{1AA35F84-955F-449C-BD7A-96CEC8F9AFC5}.Debug|Any CPU.ActiveCfg = Debug|Any CPU
		{1AA35F84-955F-449C-BD7A-96CEC8F9AFC5}.Debug|Any CPU.Build.0 = Debug|Any CPU
		{1AA35F84-955F-449C-BD7A-96CEC8F9AFC5}.Release|Any CPU.ActiveCfg = Release|Any CPU
		{1AA35F84-955F-449C-BD7A-96CEC8F9AFC5}.Release|Any CPU.Build.0 = Release|Any CPU
		{2A49B445-B4B2-4F11-B8EE-B5C2176B8E6C}.Debug|Any CPU.ActiveCfg = Debug|Any CPU
		{2A49B445-B4B2-4F11-B8EE-B5C2176B8E6C}.Debug|Any CPU.Build.0 = Debug|Any CPU
		{2A49B445-B4B2-4F11-B8EE-B5C2176B8E6C}.Release|Any CPU.ActiveCfg = Release|Any CPU
		{2A49B445-B4B2-4F11-B8EE-B5C2176B8E6C}.Release|Any CPU.Build.0 = Release|Any CPU
	EndGlobalSection
	GlobalSection(SolutionProperties) = preSolution
		HideSolutionNode = FALSE
	EndGlobalSection
	GlobalSection(ExtensibilityGlobals) = postSolution
		SolutionGuid = {6BBD9000-31EE-4D4F-B790-A7344AAD205A}
	EndGlobalSection
EndGlobal
